// !$*UTF8*$!
{
	archiveVersion = 1;
	classes = {
	};
	objectVersion = 46;
	objects = {

/* Begin PBXBuildFile section */
		7CC43A337BF7F7A77AD8E98A /* Pods_JsonExercise.framework in Frameworks */ = {isa = PBXBuildFile; fileRef = BA34950F27D342DC03279301 /* Pods_JsonExercise.framework */; };
		9FCB08B81D1938A300641C29 /* AppDelegate.swift in Sources */ = {isa = PBXBuildFile; fileRef = 9FCB08B71D1938A300641C29 /* AppDelegate.swift */; };
		9FCB08BA1D1938A300641C29 /* ViewController.swift in Sources */ = {isa = PBXBuildFile; fileRef = 9FCB08B91D1938A300641C29 /* ViewController.swift */; };
		9FCB08BD1D1938A300641C29 /* Main.storyboard in Resources */ = {isa = PBXBuildFile; fileRef = 9FCB08BB1D1938A300641C29 /* Main.storyboard */; };
		9FCB08BF1D1938A300641C29 /* Assets.xcassets in Resources */ = {isa = PBXBuildFile; fileRef = 9FCB08BE1D1938A300641C29 /* Assets.xcassets */; };
		9FCB08C21D1938A300641C29 /* LaunchScreen.storyboard in Resources */ = {isa = PBXBuildFile; fileRef = 9FCB08C01D1938A300641C29 /* LaunchScreen.storyboard */; };
		9FCB08CA1D1939C100641C29 /* hotelClass.swift in Sources */ = {isa = PBXBuildFile; fileRef = 9FCB08C91D1939C100641C29 /* hotelClass.swift */; };
/* End PBXBuildFile section */

/* Begin PBXFileReference section */
		518D50FF7B9E22712F084F80 /* Pods-JsonExercise.release.xcconfig */ = {isa = PBXFileReference; includeInIndex = 1; lastKnownFileType = text.xcconfig; name = "Pods-JsonExercise.release.xcconfig"; path = "Pods/Target Support Files/Pods-JsonExercise/Pods-JsonExercise.release.xcconfig"; sourceTree = "<group>"; };
		9FCB08B41D1938A300641C29 /* JsonExercise.app */ = {isa = PBXFileReference; explicitFileType = wrapper.application; includeInIndex = 0; path = JsonExercise.app; sourceTree = BUILT_PRODUCTS_DIR; };
		9FCB08B71D1938A300641C29 /* AppDelegate.swift */ = {isa = PBXFileReference; lastKnownFileType = sourcecode.swift; path = AppDelegate.swift; sourceTree = "<group>"; };
		9FCB08B91D1938A300641C29 /* ViewController.swift */ = {isa = PBXFileReference; lastKnownFileType = sourcecode.swift; path = ViewController.swift; sourceTree = "<group>"; };
		9FCB08BC1D1938A300641C29 /* Base */ = {isa = PBXFileReference; lastKnownFileType = file.storyboard; name = Base; path = Base.lproj/Main.storyboard; sourceTree = "<group>"; };
		9FCB08BE1D1938A300641C29 /* Assets.xcassets */ = {isa = PBXFileReference; lastKnownFileType = folder.assetcatalog; path = Assets.xcassets; sourceTree = "<group>"; };
		9FCB08C11D1938A300641C29 /* Base */ = {isa = PBXFileReference; lastKnownFileType = file.storyboard; name = Base; path = Base.lproj/LaunchScreen.storyboard; sourceTree = "<group>"; };
		9FCB08C31D1938A300641C29 /* Info.plist */ = {isa = PBXFileReference; lastKnownFileType = text.plist.xml; path = Info.plist; sourceTree = "<group>"; };
		9FCB08C91D1939C100641C29 /* hotelClass.swift */ = {isa = PBXFileReference; fileEncoding = 4; lastKnownFileType = sourcecode.swift; path = hotelClass.swift; sourceTree = "<group>"; };
		BA34950F27D342DC03279301 /* Pods_JsonExercise.framework */ = {isa = PBXFileReference; explicitFileType = wrapper.framework; includeInIndex = 0; path = Pods_JsonExercise.framework; sourceTree = BUILT_PRODUCTS_DIR; };
		BB127ECF9FC3820573545E88 /* Pods-JsonExercise.debug.xcconfig */ = {isa = PBXFileReference; includeInIndex = 1; lastKnownFileType = text.xcconfig; name = "Pods-JsonExercise.debug.xcconfig"; path = "Pods/Target Support Files/Pods-JsonExercise/Pods-JsonExercise.debug.xcconfig"; sourceTree = "<group>"; };
/* End PBXFileReference section */

/* Begin PBXFrameworksBuildPhase section */
		9FCB08B11D1938A300641C29 /* Frameworks */ = {
			isa = PBXFrameworksBuildPhase;
			buildActionMask = 2147483647;
			files = (
				7CC43A337BF7F7A77AD8E98A /* Pods_JsonExercise.framework in Frameworks */,
			);
			runOnlyForDeploymentPostprocessing = 0;
		};
/* End PBXFrameworksBuildPhase section */

/* Begin PBXGroup section */
		9FCB08AB1D1938A300641C29 = {
			isa = PBXGroup;
			children = (
				9FCB08B61D1938A300641C29 /* JsonExercise */,
				9FCB08B51D1938A300641C29 /* Products */,
				C52310067E9362CF81C264C4 /* Pods */,
				AF561744F100BD0B298CF275 /* Frameworks */,
			);
			sourceTree = "<group>";
		};
		9FCB08B51D1938A300641C29 /* Products */ = {
			isa = PBXGroup;
			children = (
				9FCB08B41D1938A300641C29 /* JsonExercise.app */,
			);
			name = Products;
			sourceTree = "<group>";
		};
		9FCB08B61D1938A300641C29 /* JsonExercise */ = {
			isa = PBXGroup;
			children = (
				9FCB08B71D1938A300641C29 /* AppDelegate.swift */,
				9FCB08B91D1938A300641C29 /* ViewController.swift */,
				9FCB08BB1D1938A300641C29 /* Main.storyboard */,
				9FCB08BE1D1938A300641C29 /* Assets.xcassets */,
				9FCB08C01D1938A300641C29 /* LaunchScreen.storyboard */,
				9FCB08C31D1938A300641C29 /* Info.plist */,
				9FCB08C91D1939C100641C29 /* hotelClass.swift */,
			);
			path = JsonExercise;
			sourceTree = "<group>";
		};
		AF561744F100BD0B298CF275 /* Frameworks */ = {
			isa = PBXGroup;
			children = (
				BA34950F27D342DC03279301 /* Pods_JsonExercise.framework */,
			);
			name = Frameworks;
			sourceTree = "<group>";
		};
		C52310067E9362CF81C264C4 /* Pods */ = {
			isa = PBXGroup;
			children = (
				BB127ECF9FC3820573545E88 /* Pods-JsonExercise.debug.xcconfig */,
				518D50FF7B9E22712F084F80 /* Pods-JsonExercise.release.xcconfig */,
			);
			name = Pods;
			sourceTree = "<group>";
		};
/* End PBXGroup section */

/* Begin PBXNativeTarget section */
		9FCB08B31D1938A300641C29 /* JsonExercise */ = {
			isa = PBXNativeTarget;
			buildConfigurationList = 9FCB08C61D1938A300641C29 /* Build configuration list for PBXNativeTarget "JsonExercise" */;
			buildPhases = (
				8F15404D69E0CD9B871F724D /* [CP] Check Pods Manifest.lock */,
				9FCB08B01D1938A300641C29 /* Sources */,
				9FCB08B11D1938A300641C29 /* Frameworks */,
				9FCB08B21D1938A300641C29 /* Resources */,
				7350CB990103562195CD504E /* [CP] Embed Pods Frameworks */,
				608536F1C0147DC698082B5B /* [CP] Copy Pods Resources */,
			);
			buildRules = (
			);
			dependencies = (
			);
			name = JsonExercise;
			productName = JsonExercise;
			productReference = 9FCB08B41D1938A300641C29 /* JsonExercise.app */;
			productType = "com.apple.product-type.application";
		};
/* End PBXNativeTarget section */

/* Begin PBXProject section */
		9FCB08AC1D1938A300641C29 /* Project object */ = {
			isa = PBXProject;
			attributes = {
				LastSwiftUpdateCheck = 0730;
				LastUpgradeCheck = 0730;
				ORGANIZATIONNAME = "張智涵 Vincent Chang";
				TargetAttributes = {
					9FCB08B31D1938A300641C29 = {
						CreatedOnToolsVersion = 7.3.1;
					};
				};
			};
			buildConfigurationList = 9FCB08AF1D1938A300641C29 /* Build configuration list for PBXProject "JsonExercise" */;
			compatibilityVersion = "Xcode 3.2";
			developmentRegion = English;
			hasScannedForEncodings = 0;
			knownRegions = (
				en,
				Base,
			);
			mainGroup = 9FCB08AB1D1938A300641C29;
			productRefGroup = 9FCB08B51D1938A300641C29 /* Products */;
			projectDirPath = "";
			projectRoot = "";
			targets = (
				9FCB08B31D1938A300641C29 /* JsonExercise */,
			);
		};
/* End PBXProject section */

/* Begin PBXResourcesBuildPhase section */
		9FCB08B21D1938A300641C29 /* Resources */ = {
			isa = PBXResourcesBuildPhase;
			buildActionMask = 2147483647;
			files = (
				9FCB08C21D1938A300641C29 /* LaunchScreen.storyboard in Resources */,
				9FCB08BF1D1938A300641C29 /* Assets.xcassets in Resources */,
				9FCB08BD1D1938A300641C29 /* Main.storyboard in Resources */,
			);
			runOnlyForDeploymentPostprocessing = 0;
		};
/* End PBXResourcesBuildPhase section */

/* Begin PBXShellScriptBuildPhase section */
		608536F1C0147DC698082B5B /* [CP] Copy Pods Resources */ = {
			isa = PBXShellScriptBuildPhase;
			buildActionMask = 2147483647;
			files = (
			);
			inputPaths = (
			);
			name = "[CP] Copy Pods Resources";
			outputPaths = (
			);
			runOnlyForDeploymentPostprocessing = 0;
			shellPath = /bin/sh;
			shellScript = "\"${SRCROOT}/Pods/Target Support Files/Pods-JsonExercise/Pods-JsonExercise-resources.sh\"\n";
			showEnvVarsInLog = 0;
		};
		7350CB990103562195CD504E /* [CP] Embed Pods Frameworks */ = {
			isa = PBXShellScriptBuildPhase;
			buildActionMask = 2147483647;
			files = (
			);
			inputPaths = (
			);
			name = "[CP] Embed Pods Frameworks";
			outputPaths = (
			);
			runOnlyForDeploymentPostprocessing = 0;
			shellPath = /bin/sh;
			shellScript = "\"${SRCROOT}/Pods/Target Support Files/Pods-JsonExercise/Pods-JsonExercise-frameworks.sh\"\n";
			showEnvVarsInLog = 0;
		};
		8F15404D69E0CD9B871F724D /* [CP] Check Pods Manifest.lock */ = {
			isa = PBXShellScriptBuildPhase;
			buildActionMask = 2147483647;
			files = (
			);
			inputPaths = (
			);
			name = "[CP] Check Pods Manifest.lock";
			outputPaths = (
			);
			runOnlyForDeploymentPostprocessing = 0;
			shellPath = /bin/sh;
			shellScript = "diff \"${PODS_ROOT}/../Podfile.lock\" \"${PODS_ROOT}/Manifest.lock\" > /dev/null\nif [[ $? != 0 ]] ; then\n    cat << EOM\nerror: The sandbox is not in sync with the Podfile.lock. Run 'pod install' or update your CocoaPods installation.\nEOM\n    exit 1\nfi\n";
			showEnvVarsInLog = 0;
		};
/* End PBXShellScriptBuildPhase section */

/* Begin PBXSourcesBuildPhase section */
		9FCB08B01D1938A300641C29 /* Sources */ = {
			isa = PBXSourcesBuildPhase;
			buildActionMask = 2147483647;
			files = (
				9FCB08CA1D1939C100641C29 /* hotelClass.swift in Sources */,
				9FCB08BA1D1938A300641C29 /* ViewController.swift in Sources */,
				9FCB08B81D1938A300641C29 /* AppDelegate.swift in Sources */,
			);
			runOnlyForDeploymentPostprocessing = 0;
		};
/* End PBXSourcesBuildPhase section */

/* Begin PBXVariantGroup section */
		9FCB08BB1D1938A300641C29 /* Main.storyboard */ = {
			isa = PBXVariantGroup;
			children = (
				9FCB08BC1D1938A300641C29 /* Base */,
			);
			name = Main.storyboard;
			sourceTree = "<group>";
		};
		9FCB08C01D1938A300641C29 /* LaunchScreen.storyboard */ = {
			isa = PBXVariantGroup;
			children = (
				9FCB08C11D1938A300641C29 /* Base */,
			);
			name = LaunchScreen.storyboard;
			sourceTree = "<group>";
		};
/* End PBXVariantGroup section */

/* Begin XCBuildConfiguration section */
		9FCB08C41D1938A300641C29 /* Debug */ = {
			isa = XCBuildConfiguration;
			buildSettings = {
				ALWAYS_SEARCH_USER_PATHS = NO;
				CLANG_ANALYZER_NONNULL = YES;
				CLANG_CXX_LANGUAGE_STANDARD = "gnu++0x";
				CLANG_CXX_LIBRARY = "libc++";
				CLANG_ENABLE_MODULES = YES;
				CLANG_ENABLE_OBJC_ARC = YES;
				CLANG_WARN_BOOL_CONVERSION = YES;
				CLANG_WARN_CONSTANT_CONVERSION = YES;
				CLANG_WARN_DIRECT_OBJC_ISA_USAGE = YES_ERROR;
				CLANG_WARN_EMPTY_BODY = YES;
				CLANG_WARN_ENUM_CONVERSION = YES;
				CLANG_WARN_INT_CONVERSION = YES;
				CLANG_WARN_OBJC_ROOT_CLASS = YES_ERROR;
				CLANG_WARN_UNREACHABLE_CODE = YES;
				CLANG_WARN__DUPLICATE_METHOD_MATCH = YES;
				"CODE_SIGN_IDENTITY[sdk=iphoneos*]" = "iPhone Developer";
				COPY_PHASE_STRIP = NO;
				DEBUG_INFORMATION_FORMAT = dwarf;
				ENABLE_STRICT_OBJC_MSGSEND = YES;
				ENABLE_TESTABILITY = YES;
				GCC_C_LANGUAGE_STANDARD = gnu99;
				GCC_DYNAMIC_NO_PIC = NO;
				GCC_NO_COMMON_BLOCKS = YES;
				GCC_OPTIMIZATION_LEVEL = 0;
				GCC_PREPROCESSOR_DEFINITIONS = (
					"DEBUG=1",
					"$(inherited)",
				);
				GCC_WARN_64_TO_32_BIT_CONVERSION = YES;
				GCC_WARN_ABOUT_RETURN_TYPE = YES_ERROR;
				GCC_WARN_UNDECLARED_SELECTOR = YES;
				GCC_WARN_UNINITIALIZED_AUTOS = YES_AGGRESSIVE;
				GCC_WARN_UNUSED_FUNCTION = YES;
				GCC_WARN_UNUSED_VARIABLE = YES;
				IPHONEOS_DEPLOYMENT_TARGET = 9.3;
				MTL_ENABLE_DEBUG_INFO = YES;
				ONLY_ACTIVE_ARCH = YES;
				SDKROOT = iphoneos;
				SWIFT_OPTIMIZATION_LEVEL = "-Onone";
			};
			name = Debug;
		};
		9FCB08C51D1938A300641C29 /* Release */ = {
			isa = XCBuildConfiguration;
			buildSettings = {
				ALWAYS_SEARCH_USER_PATHS = NO;
				CLANG_ANALYZER_NONNULL = YES;
				CLANG_CXX_LANGUAGE_STANDARD = "gnu++0x";
				CLANG_CXX_LIBRARY = "libc++";
				CLANG_ENABLE_MODULES = YES;
				CLANG_ENABLE_OBJC_ARC = YES;
				CLANG_WARN_BOOL_CONVERSION = YES;
				CLANG_WARN_CONSTANT_CONVERSION = YES;
				CLANG_WARN_DIRECT_OBJC_ISA_USAGE = YES_ERROR;
				CLANG_WARN_EMPTY_BODY = YES;
				CLANG_WARN_ENUM_CONVERSION = YES;
				CLANG_WARN_INT_CONVERSION = YES;
				CLANG_WARN_OBJC_ROOT_CLASS = YES_ERROR;
				CLANG_WARN_UNREACHABLE_CODE = YES;
				CLANG_WARN__DUPLICATE_METHOD_MATCH = YES;
				"CODE_SIGN_IDENTITY[sdk=iphoneos*]" = "iPhone Developer";
				COPY_PHASE_STRIP = NO;
				DEBUG_INFORMATION_FORMAT = "dwarf-with-dsym";
				ENABLE_NS_ASSERTIONS = NO;
				ENABLE_STRICT_OBJC_MSGSEND = YES;
				GCC_C_LANGUAGE_STANDARD = gnu99;
				GCC_NO_COMMON_BLOCKS = YES;
				GCC_WARN_64_TO_32_BIT_CONVERSION = YES;
				GCC_WARN_ABOUT_RETURN_TYPE = YES_ERROR;
				GCC_WARN_UNDECLARED_SELECTOR = YES;
				GCC_WARN_UNINITIALIZED_AUTOS = YES_AGGRESSIVE;
				GCC_WARN_UNUSED_FUNCTION = YES;
				GCC_WARN_UNUSED_VARIABLE = YES;
				IPHONEOS_DEPLOYMENT_TARGET = 9.3;
				MTL_ENABLE_DEBUG_INFO = NO;
				SDKROOT = iphoneos;
				VALIDATE_PRODUCT = YES;
			};
			name = Release;
		};
		9FCB08C71D1938A300641C29 /* Debug */ = {
			isa = XCBuildConfiguration;
			baseConfigurationReference = BB127ECF9FC3820573545E88 /* Pods-JsonExercise.debug.xcconfig */;
			buildSettings = {
				ASSETCATALOG_COMPILER_APPICON_NAME = AppIcon;
				INFOPLIST_FILE = JsonExercise/Info.plist;
				LD_RUNPATH_SEARCH_PATHS = "$(inherited) @executable_path/Frameworks";
				PRODUCT_BUNDLE_IDENTIFIER = co.VincentChang.JsonExercise;
				PRODUCT_NAME = "$(TARGET_NAME)";
			};
			name = Debug;
		};
		9FCB08C81D1938A300641C29 /* Release */ = {
			isa = XCBuildConfiguration;
			baseConfigurationReference = 518D50FF7B9E22712F084F80 /* Pods-JsonExercise.release.xcconfig */;
			buildSettings = {
				ASSETCATALOG_COMPILER_APPICON_NAME = AppIcon;
				INFOPLIST_FILE = JsonExercise/Info.plist;
				LD_RUNPATH_SEARCH_PATHS = "$(inherited) @executable_path/Frameworks";
				PRODUCT_BUNDLE_IDENTIFIER = co.VincentChang.JsonExercise;
				PRODUCT_NAME = "$(TARGET_NAME)";
			};
			name = Release;
		};
/* End XCBuildConfiguration section */

/* Begin XCConfigurationList section */
		9FCB08AF1D1938A300641C29 /* Build configuration list for PBXProject "JsonExercise" */ = {
			isa = XCConfigurationList;
			buildConfigurations = (
				9FCB08C41D1938A300641C29 /* Debug */,
				9FCB08C51D1938A300641C29 /* Release */,
			);
			defaultConfigurationIsVisible = 0;
			defaultConfigurationName = Release;
		};
		9FCB08C61D1938A300641C29 /* Build configuration list for PBXNativeTarget "JsonExercise" */ = {
			isa = XCConfigurationList;
			buildConfigurations = (
				9FCB08C71D1938A300641C29 /* Debug */,
				9FCB08C81D1938A300641C29 /* Release */,
			);
			defaultConfigurationIsVisible = 0;
			defaultConfigurationName = Release;
		};
/* End XCConfigurationList section */
	};
	rootObject = 9FCB08AC1D1938A300641C29 /* Project object */;
}
